// !$*UTF8*$!
{
	archiveVersion = 1;
	classes = {
	};
	objectVersion = 50;
	objects = {

/* Begin PBXBuildFile section */
		6FA24A54263DD6510081F7B8 /* AppDelegate.swift in Sources */ = {isa = PBXBuildFile; fileRef = 6FA24A53263DD6510081F7B8 /* AppDelegate.swift */; };
		6FA24A56263DD6510081F7B8 /* SceneDelegate.swift in Sources */ = {isa = PBXBuildFile; fileRef = 6FA24A55263DD6510081F7B8 /* SceneDelegate.swift */; };
		6FA24A58263DD6510081F7B8 /* ViewController.swift in Sources */ = {isa = PBXBuildFile; fileRef = 6FA24A57263DD6510081F7B8 /* ViewController.swift */; };
		6FA24A5B263DD6510081F7B8 /* Main.storyboard in Resources */ = {isa = PBXBuildFile; fileRef = 6FA24A59263DD6510081F7B8 /* Main.storyboard */; };
		6FA24A5D263DD6520081F7B8 /* Assets.xcassets in Resources */ = {isa = PBXBuildFile; fileRef = 6FA24A5C263DD6520081F7B8 /* Assets.xcassets */; };
		6FA24A60263DD6520081F7B8 /* LaunchScreen.storyboard in Resources */ = {isa = PBXBuildFile; fileRef = 6FA24A5E263DD6520081F7B8 /* LaunchScreen.storyboard */; };
		6FA24A68263DD7020081F7B8 /* ProfileView.xib in Resources */ = {isa = PBXBuildFile; fileRef = 6FA24A67263DD7020081F7B8 /* ProfileView.xib */; };
		6FA24A6A263E6AD00081F7B8 /* ProfileView.swift in Sources */ = {isa = PBXBuildFile; fileRef = 6FA24A69263E6AD00081F7B8 /* ProfileView.swift */; };
		6FA24A6C263E79700081F7B8 /* Profile.storyboard in Resources */ = {isa = PBXBuildFile; fileRef = 6FA24A6B263E79700081F7B8 /* Profile.storyboard */; };
		6FA24A6E263E7A760081F7B8 /* ProfileViewController.swift in Sources */ = {isa = PBXBuildFile; fileRef = 6FA24A6D263E7A760081F7B8 /* ProfileViewController.swift */; };
/* End PBXBuildFile section */

/* Begin PBXFileReference section */
		6FA24A50263DD6510081F7B8 /* Netology_IB_Instruments.app */ = {isa = PBXFileReference; explicitFileType = wrapper.application; includeInIndex = 0; path = Netology_IB_Instruments.app; sourceTree = BUILT_PRODUCTS_DIR; };
		6FA24A53263DD6510081F7B8 /* AppDelegate.swift */ = {isa = PBXFileReference; lastKnownFileType = sourcecode.swift; path = AppDelegate.swift; sourceTree = "<group>"; };
		6FA24A55263DD6510081F7B8 /* SceneDelegate.swift */ = {isa = PBXFileReference; lastKnownFileType = sourcecode.swift; path = SceneDelegate.swift; sourceTree = "<group>"; };
		6FA24A57263DD6510081F7B8 /* ViewController.swift */ = {isa = PBXFileReference; lastKnownFileType = sourcecode.swift; path = ViewController.swift; sourceTree = "<group>"; };
		6FA24A5A263DD6510081F7B8 /* Base */ = {isa = PBXFileReference; lastKnownFileType = file.storyboard; name = Base; path = Base.lproj/Main.storyboard; sourceTree = "<group>"; };
		6FA24A5C263DD6520081F7B8 /* Assets.xcassets */ = {isa = PBXFileReference; lastKnownFileType = folder.assetcatalog; path = Assets.xcassets; sourceTree = "<group>"; };
		6FA24A5F263DD6520081F7B8 /* Base */ = {isa = PBXFileReference; lastKnownFileType = file.storyboard; name = Base; path = Base.lproj/LaunchScreen.storyboard; sourceTree = "<group>"; };
		6FA24A61263DD6520081F7B8 /* Info.plist */ = {isa = PBXFileReference; lastKnownFileType = text.plist.xml; path = Info.plist; sourceTree = "<group>"; };
		6FA24A67263DD7020081F7B8 /* ProfileView.xib */ = {isa = PBXFileReference; lastKnownFileType = file.xib; path = ProfileView.xib; sourceTree = "<group>"; };
		6FA24A69263E6AD00081F7B8 /* ProfileView.swift */ = {isa = PBXFileReference; lastKnownFileType = sourcecode.swift; path = ProfileView.swift; sourceTree = "<group>"; };
		6FA24A6B263E79700081F7B8 /* Profile.storyboard */ = {isa = PBXFileReference; lastKnownFileType = file.storyboard; path = Profile.storyboard; sourceTree = "<group>"; };
		6FA24A6D263E7A760081F7B8 /* ProfileViewController.swift */ = {isa = PBXFileReference; lastKnownFileType = sourcecode.swift; path = ProfileViewController.swift; sourceTree = "<group>"; };
/* End PBXFileReference section */

/* Begin PBXFrameworksBuildPhase section */
		6FA24A4D263DD6510081F7B8 /* Frameworks */ = {
			isa = PBXFrameworksBuildPhase;
			buildActionMask = 2147483647;
			files = (
			);
			runOnlyForDeploymentPostprocessing = 0;
		};
/* End PBXFrameworksBuildPhase section */

/* Begin PBXGroup section */
		6FA24A47263DD6510081F7B8 = {
			isa = PBXGroup;
			children = (
				6FA24A52263DD6510081F7B8 /* Netology_IB_Instruments */,
				6FA24A51263DD6510081F7B8 /* Products */,
			);
			sourceTree = "<group>";
		};
		6FA24A51263DD6510081F7B8 /* Products */ = {
			isa = PBXGroup;
			children = (
				6FA24A50263DD6510081F7B8 /* Netology_IB_Instruments.app */,
			);
			name = Products;
			sourceTree = "<group>";
		};
		6FA24A52263DD6510081F7B8 /* Netology_IB_Instruments */ = {
			isa = PBXGroup;
			children = (
				6FA24A53263DD6510081F7B8 /* AppDelegate.swift */,
				6FA24A55263DD6510081F7B8 /* SceneDelegate.swift */,
				6FA24A69263E6AD00081F7B8 /* ProfileView.swift */,
				6FA24A57263DD6510081F7B8 /* ViewController.swift */,
				6FA24A6D263E7A760081F7B8 /* ProfileViewController.swift */,
				6FA24A67263DD7020081F7B8 /* ProfileView.xib */,
				6FA24A6B263E79700081F7B8 /* Profile.storyboard */,
				6FA24A59263DD6510081F7B8 /* Main.storyboard */,
				6FA24A5C263DD6520081F7B8 /* Assets.xcassets */,
				6FA24A5E263DD6520081F7B8 /* LaunchScreen.storyboard */,
				6FA24A61263DD6520081F7B8 /* Info.plist */,
			);
			path = Netology_IB_Instruments;
			sourceTree = "<group>";
		};
/* End PBXGroup section */

/* Begin PBXNativeTarget section */
		6FA24A4F263DD6510081F7B8 /* Netology_IB_Instruments */ = {
			isa = PBXNativeTarget;
			buildConfigurationList = 6FA24A64263DD6520081F7B8 /* Build configuration list for PBXNativeTarget "Netology_IB_Instruments" */;
			buildPhases = (
				6FA24A4C263DD6510081F7B8 /* Sources */,
				6FA24A4D263DD6510081F7B8 /* Frameworks */,
				6FA24A4E263DD6510081F7B8 /* Resources */,
			);
			buildRules = (
			);
			dependencies = (
			);
			name = Netology_IB_Instruments;
			productName = Netology_IB_Instruments;
			productReference = 6FA24A50263DD6510081F7B8 /* Netology_IB_Instruments.app */;
			productType = "com.apple.product-type.application";
		};
/* End PBXNativeTarget section */

/* Begin PBXProject section */
		6FA24A48263DD6510081F7B8 /* Project object */ = {
			isa = PBXProject;
			attributes = {
				LastSwiftUpdateCheck = 1250;
				LastUpgradeCheck = 1250;
				TargetAttributes = {
					6FA24A4F263DD6510081F7B8 = {
						CreatedOnToolsVersion = 12.5;
					};
				};
			};
			buildConfigurationList = 6FA24A4B263DD6510081F7B8 /* Build configuration list for PBXProject "Netology_IB_Instruments" */;
			compatibilityVersion = "Xcode 9.3";
			developmentRegion = en;
			hasScannedForEncodings = 0;
			knownRegions = (
				en,
				Base,
			);
			mainGroup = 6FA24A47263DD6510081F7B8;
			productRefGroup = 6FA24A51263DD6510081F7B8 /* Products */;
			projectDirPath = "";
			projectRoot = "";
			targets = (
				6FA24A4F263DD6510081F7B8 /* Netology_IB_Instruments */,
			);
		};
/* End PBXProject section */

/* Begin PBXResourcesBuildPhase section */
		6FA24A4E263DD6510081F7B8 /* Resources */ = {
			isa = PBXResourcesBuildPhase;
			buildActionMask = 2147483647;
			files = (
				6FA24A68263DD7020081F7B8 /* ProfileView.xib in Resources */,
				6FA24A60263DD6520081F7B8 /* LaunchScreen.storyboard in Resources */,
				6FA24A6C263E79700081F7B8 /* Profile.storyboard in Resources */,
				6FA24A5D263DD6520081F7B8 /* Assets.xcassets in Resources */,
				6FA24A5B263DD6510081F7B8 /* Main.storyboard in Resources */,
			);
			runOnlyForDeploymentPostprocessing = 0;
		};
/* End PBXResourcesBuildPhase section */

/* Begin PBXSourcesBuildPhase section */
		6FA24A4C263DD6510081F7B8 /* Sources */ = {
			isa = PBXSourcesBuildPhase;
			buildActionMask = 2147483647;
			files = (
				6FA24A6A263E6AD00081F7B8 /* ProfileView.swift in Sources */,
				6FA24A58263DD6510081F7B8 /* ViewController.swift in Sources */,
				6FA24A6E263E7A760081F7B8 /* ProfileViewController.swift in Sources */,
				6FA24A54263DD6510081F7B8 /* AppDelegate.swift in Sources */,
				6FA24A56263DD6510081F7B8 /* SceneDelegate.swift in Sources */,
			);
			runOnlyForDeploymentPostprocessing = 0;
		};
/* End PBXSourcesBuildPhase section */

/* Begin PBXVariantGroup section */
		6FA24A59263DD6510081F7B8 /* Main.storyboard */ = {
			isa = PBXVariantGroup;
			children = (
				6FA24A5A263DD6510081F7B8 /* Base */,
			);
			name = Main.storyboard;
			sourceTree = "<group>";
		};
		6FA24A5E263DD6520081F7B8 /* LaunchScreen.storyboard */ = {
			isa = PBXVariantGroup;
			children = (
				6FA24A5F263DD6520081F7B8 /* Base */,
			);
			name = LaunchScreen.storyboard;
			sourceTree = "<group>";
		};
/* End PBXVariantGroup section */

/* Begin XCBuildConfiguration section */
		6FA24A62263DD6520081F7B8 /* Debug */ = {
			isa = XCBuildConfiguration;
			buildSettings = {
				ALWAYS_SEARCH_USER_PATHS = NO;
				CLANG_ANALYZER_NONNULL = YES;
				CLANG_ANALYZER_NUMBER_OBJECT_CONVERSION = YES_AGGRESSIVE;
				CLANG_CXX_LANGUAGE_STANDARD = "gnu++14";
				CLANG_CXX_LIBRARY = "libc++";
				CLANG_ENABLE_MODULES = YES;
				CLANG_ENABLE_OBJC_ARC = YES;
				CLANG_ENABLE_OBJC_WEAK = YES;
				CLANG_WARN_BLOCK_CAPTURE_AUTORELEASING = YES;
				CLANG_WARN_BOOL_CONVERSION = YES;
				CLANG_WARN_COMMA = YES;
				CLANG_WARN_CONSTANT_CONVERSION = YES;
				CLANG_WARN_DEPRECATED_OBJC_IMPLEMENTATIONS = YES;
				CLANG_WARN_DIRECT_OBJC_ISA_USAGE = YES_ERROR;
				CLANG_WARN_DOCUMENTATION_COMMENTS = YES;
				CLANG_WARN_EMPTY_BODY = YES;
				CLANG_WARN_ENUM_CONVERSION = YES;
				CLANG_WARN_INFINITE_RECURSION = YES;
				CLANG_WARN_INT_CONVERSION = YES;
				CLANG_WARN_NON_LITERAL_NULL_CONVERSION = YES;
				CLANG_WARN_OBJC_IMPLICIT_RETAIN_SELF = YES;
				CLANG_WARN_OBJC_LITERAL_CONVERSION = YES;
				CLANG_WARN_OBJC_ROOT_CLASS = YES_ERROR;
				CLANG_WARN_QUOTED_INCLUDE_IN_FRAMEWORK_HEADER = YES;
				CLANG_WARN_RANGE_LOOP_ANALYSIS = YES;
				CLANG_WARN_STRICT_PROTOTYPES = YES;
				CLANG_WARN_SUSPICIOUS_MOVE = YES;
				CLANG_WARN_UNGUARDED_AVAILABILITY = YES_AGGRESSIVE;
				CLANG_WARN_UNREACHABLE_CODE = YES;
				CLANG_WARN__DUPLICATE_METHOD_MATCH = YES;
				COPY_PHASE_STRIP = NO;
				DEBUG_INFORMATION_FORMAT = dwarf;
				ENABLE_STRICT_OBJC_MSGSEND = YES;
				ENABLE_TESTABILITY = YES;
				GCC_C_LANGUAGE_STANDARD = gnu11;
				GCC_DYNAMIC_NO_PIC = NO;
				GCC_NO_COMMON_BLOCKS = YES;
				GCC_OPTIMIZATION_LEVEL = 0;
				GCC_PREPROCESSOR_DEFINITIONS = (
					"DEBUG=1",
					"$(inherited)",
				);
				GCC_WARN_64_TO_32_BIT_CONVERSION = YES;
				GCC_WARN_ABOUT_RETURN_TYPE = YES_ERROR;
				GCC_WARN_UNDECLARED_SELECTOR = YES;
				GCC_WARN_UNINITIALIZED_AUTOS = YES_AGGRESSIVE;
				GCC_WARN_UNUSED_FUNCTION = YES;
				GCC_WARN_UNUSED_VARIABLE = YES;
				IPHONEOS_DEPLOYMENT_TARGET = 14.5;
				MTL_ENABLE_DEBUG_INFO = INCLUDE_SOURCE;
				MTL_FAST_MATH = YES;
				ONLY_ACTIVE_ARCH = YES;
				SDKROOT = iphoneos;
				SWIFT_ACTIVE_COMPILATION_CONDITIONS = DEBUG;
				SWIFT_OPTIMIZATION_LEVEL = "-Onone";
			};
			name = Debug;
		};
		6FA24A63263DD6520081F7B8 /* Release */ = {
			isa = XCBuildConfiguration;
			buildSettings = {
				ALWAYS_SEARCH_USER_PATHS = NO;
				CLANG_ANALYZER_NONNULL = YES;
				CLANG_ANALYZER_NUMBER_OBJECT_CONVERSION = YES_AGGRESSIVE;
				CLANG_CXX_LANGUAGE_STANDARD = "gnu++14";
				CLANG_CXX_LIBRARY = "libc++";
				CLANG_ENABLE_MODULES = YES;
				CLANG_ENABLE_OBJC_ARC = YES;
				CLANG_ENABLE_OBJC_WEAK = YES;
				CLANG_WARN_BLOCK_CAPTURE_AUTORELEASING = YES;
				CLANG_WARN_BOOL_CONVERSION = YES;
				CLANG_WARN_COMMA = YES;
				CLANG_WARN_CONSTANT_CONVERSION = YES;
				CLANG_WARN_DEPRECATED_OBJC_IMPLEMENTATIONS = YES;
				CLANG_WARN_DIRECT_OBJC_ISA_USAGE = YES_ERROR;
				CLANG_WARN_DOCUMENTATION_COMMENTS = YES;
				CLANG_WARN_EMPTY_BODY = YES;
				CLANG_WARN_ENUM_CONVERSION = YES;
				CLANG_WARN_INFINITE_RECURSION = YES;
				CLANG_WARN_INT_CONVERSION = YES;
				CLANG_WARN_NON_LITERAL_NULL_CONVERSION = YES;
				CLANG_WARN_OBJC_IMPLICIT_RETAIN_SELF = YES;
				CLANG_WARN_OBJC_LITERAL_CONVERSION = YES;
				CLANG_WARN_OBJC_ROOT_CLASS = YES_ERROR;
				CLANG_WARN_QUOTED_INCLUDE_IN_FRAMEWORK_HEADER = YES;
				CLANG_WARN_RANGE_LOOP_ANALYSIS = YES;
				CLANG_WARN_STRICT_PROTOTYPES = YES;
				CLANG_WARN_SUSPICIOUS_MOVE = YES;
				CLANG_WARN_UNGUARDED_AVAILABILITY = YES_AGGRESSIVE;
				CLANG_WARN_UNREACHABLE_CODE = YES;
				CLANG_WARN__DUPLICATE_METHOD_MATCH = YES;
				COPY_PHASE_STRIP = NO;
				DEBUG_INFORMATION_FORMAT = "dwarf-with-dsym";
				ENABLE_NS_ASSERTIONS = NO;
				ENABLE_STRICT_OBJC_MSGSEND = YES;
				GCC_C_LANGUAGE_STANDARD = gnu11;
				GCC_NO_COMMON_BLOCKS = YES;
				GCC_WARN_64_TO_32_BIT_CONVERSION = YES;
				GCC_WARN_ABOUT_RETURN_TYPE = YES_ERROR;
				GCC_WARN_UNDECLARED_SELECTOR = YES;
				GCC_WARN_UNINITIALIZED_AUTOS = YES_AGGRESSIVE;
				GCC_WARN_UNUSED_FUNCTION = YES;
				GCC_WARN_UNUSED_VARIABLE = YES;
				IPHONEOS_DEPLOYMENT_TARGET = 14.5;
				MTL_ENABLE_DEBUG_INFO = NO;
				MTL_FAST_MATH = YES;
				SDKROOT = iphoneos;
				SWIFT_COMPILATION_MODE = wholemodule;
				SWIFT_OPTIMIZATION_LEVEL = "-O";
				VALIDATE_PRODUCT = YES;
			};
			name = Release;
		};
		6FA24A65263DD6520081F7B8 /* Debug */ = {
			isa = XCBuildConfiguration;
			buildSettings = {
				ASSETCATALOG_COMPILER_APPICON_NAME = AppIcon;
				ASSETCATALOG_COMPILER_GLOBAL_ACCENT_COLOR_NAME = AccentColor;
				CODE_SIGN_STYLE = Automatic;
				INFOPLIST_FILE = Netology_IB_Instruments/Info.plist;
				LD_RUNPATH_SEARCH_PATHS = (
					"$(inherited)",
					"@executable_path/Frameworks",
				);
				PRODUCT_BUNDLE_IDENTIFIER = "x5.Netology-IB-Instruments";
				PRODUCT_NAME = "$(TARGET_NAME)";
				SWIFT_VERSION = 5.0;
				TARGETED_DEVICE_FAMILY = "1,2";
			};
			name = Debug;
		};
		6FA24A66263DD6520081F7B8 /* Release */ = {
			isa = XCBuildConfiguration;
			buildSettings = {
				ASSETCATALOG_COMPILER_APPICON_NAME = AppIcon;
				ASSETCATALOG_COMPILER_GLOBAL_ACCENT_COLOR_NAME = AccentColor;
				CODE_SIGN_STYLE = Automatic;
				INFOPLIST_FILE = Netology_IB_Instruments/Info.plist;
				LD_RUNPATH_SEARCH_PATHS = (
					"$(inherited)",
					"@executable_path/Frameworks",
				);
				PRODUCT_BUNDLE_IDENTIFIER = "x5.Netology-IB-Instruments";
				PRODUCT_NAME = "$(TARGET_NAME)";
				SWIFT_VERSION = 5.0;
				TARGETED_DEVICE_FAMILY = "1,2";
			};
			name = Release;
		};
/* End XCBuildConfiguration section */

/* Begin XCConfigurationList section */
		6FA24A4B263DD6510081F7B8 /* Build configuration list for PBXProject "Netology_IB_Instruments" */ = {
			isa = XCConfigurationList;
			buildConfigurations = (
				6FA24A62263DD6520081F7B8 /* Debug */,
				6FA24A63263DD6520081F7B8 /* Release */,
			);
			defaultConfigurationIsVisible = 0;
			defaultConfigurationName = Release;
		};
		6FA24A64263DD6520081F7B8 /* Build configuration list for PBXNativeTarget "Netology_IB_Instruments" */ = {
			isa = XCConfigurationList;
			buildConfigurations = (
				6FA24A65263DD6520081F7B8 /* Debug */,
				6FA24A66263DD6520081F7B8 /* Release */,
			);
			defaultConfigurationIsVisible = 0;
			defaultConfigurationName = Release;
		};
/* End XCConfigurationList section */
	};
	rootObject = 6FA24A48263DD6510081F7B8 /* Project object */;
}
